// !$*UTF8*$!
{
	archiveVersion = 1;
	classes = {
	};
	objectVersion = 46;
	objects = {

/* Begin PBXBuildFile section */
		3D50A78F178F101300710789 /* UIKit.framework in Frameworks */ = {isa = PBXBuildFile; fileRef = 3D50A78E178F101300710789 /* UIKit.framework */; };
		3D50A791178F101300710789 /* Foundation.framework in Frameworks */ = {isa = PBXBuildFile; fileRef = 3D50A790178F101300710789 /* Foundation.framework */; };
		3D50A793178F101300710789 /* CoreGraphics.framework in Frameworks */ = {isa = PBXBuildFile; fileRef = 3D50A792178F101300710789 /* CoreGraphics.framework */; };
		3D50A799178F101300710789 /* InfoPlist.strings in Resources */ = {isa = PBXBuildFile; fileRef = 3D50A797178F101300710789 /* InfoPlist.strings */; };
		3D50A79B178F101300710789 /* main.m in Sources */ = {isa = PBXBuildFile; fileRef = 3D50A79A178F101300710789 /* main.m */; };
		3D50A79F178F101300710789 /* AppDelegate.m in Sources */ = {isa = PBXBuildFile; fileRef = 3D50A79E178F101300710789 /* AppDelegate.m */; };
		3D50A7A1178F101300710789 /* Default.png in Resources */ = {isa = PBXBuildFile; fileRef = 3D50A7A0178F101300710789 /* Default.png */; };
		3D50A7A3178F101300710789 /* Default@2x.png in Resources */ = {isa = PBXBuildFile; fileRef = 3D50A7A2178F101300710789 /* Default@2x.png */; };
		3D50A7A5178F101300710789 /* Default-568h@2x.png in Resources */ = {isa = PBXBuildFile; fileRef = 3D50A7A4178F101300710789 /* Default-568h@2x.png */; };
		3D50A7A8178F101300710789 /* ViewController.m in Sources */ = {isa = PBXBuildFile; fileRef = 3D50A7A7178F101300710789 /* ViewController.m */; };
		3D50A7AB178F101300710789 /* ViewController.xib in Resources */ = {isa = PBXBuildFile; fileRef = 3D50A7A9178F101300710789 /* ViewController.xib */; };
/* End PBXBuildFile section */

/* Begin PBXFileReference section */
		3D50A78B178F101300710789 /* KCR Location.app */ = {isa = PBXFileReference; explicitFileType = wrapper.application; includeInIndex = 0; path = "KCR Location.app"; sourceTree = BUILT_PRODUCTS_DIR; };
		3D50A78E178F101300710789 /* UIKit.framework */ = {isa = PBXFileReference; lastKnownFileType = wrapper.framework; name = UIKit.framework; path = System/Library/Frameworks/UIKit.framework; sourceTree = SDKROOT; };
		3D50A790178F101300710789 /* Foundation.framework */ = {isa = PBXFileReference; lastKnownFileType = wrapper.framework; name = Foundation.framework; path = System/Library/Frameworks/Foundation.framework; sourceTree = SDKROOT; };
		3D50A792178F101300710789 /* CoreGraphics.framework */ = {isa = PBXFileReference; lastKnownFileType = wrapper.framework; name = CoreGraphics.framework; path = System/Library/Frameworks/CoreGraphics.framework; sourceTree = SDKROOT; };
		3D50A796178F101300710789 /* KCR Location-Info.plist */ = {isa = PBXFileReference; lastKnownFileType = text.plist.xml; path = "KCR Location-Info.plist"; sourceTree = "<group>"; };
		3D50A798178F101300710789 /* en */ = {isa = PBXFileReference; lastKnownFileType = text.plist.strings; name = en; path = en.lproj/InfoPlist.strings; sourceTree = "<group>"; };
		3D50A79A178F101300710789 /* main.m */ = {isa = PBXFileReference; lastKnownFileType = sourcecode.c.objc; path = main.m; sourceTree = "<group>"; };
		3D50A79C178F101300710789 /* KCR Location-Prefix.pch */ = {isa = PBXFileReference; lastKnownFileType = sourcecode.c.h; path = "KCR Location-Prefix.pch"; sourceTree = "<group>"; };
		3D50A79D178F101300710789 /* AppDelegate.h */ = {isa = PBXFileReference; lastKnownFileType = sourcecode.c.h; path = AppDelegate.h; sourceTree = "<group>"; };
		3D50A79E178F101300710789 /* AppDelegate.m */ = {isa = PBXFileReference; lastKnownFileType = sourcecode.c.objc; path = AppDelegate.m; sourceTree = "<group>"; };
		3D50A7A0178F101300710789 /* Default.png */ = {isa = PBXFileReference; lastKnownFileType = image.png; path = Default.png; sourceTree = "<group>"; };
		3D50A7A2178F101300710789 /* Default@2x.png */ = {isa = PBXFileReference; lastKnownFileType = image.png; path = "Default@2x.png"; sourceTree = "<group>"; };
		3D50A7A4178F101300710789 /* Default-568h@2x.png */ = {isa = PBXFileReference; lastKnownFileType = image.png; path = "Default-568h@2x.png"; sourceTree = "<group>"; };
		3D50A7A6178F101300710789 /* ViewController.h */ = {isa = PBXFileReference; lastKnownFileType = sourcecode.c.h; path = ViewController.h; sourceTree = "<group>"; };
		3D50A7A7178F101300710789 /* ViewController.m */ = {isa = PBXFileReference; lastKnownFileType = sourcecode.c.objc; path = ViewController.m; sourceTree = "<group>"; };
		3D50A7AA178F101300710789 /* en */ = {isa = PBXFileReference; lastKnownFileType = file.xib; name = en; path = en.lproj/ViewController.xib; sourceTree = "<group>"; };
/* End PBXFileReference section */

/* Begin PBXFrameworksBuildPhase section */
		3D50A788178F101300710789 /* Frameworks */ = {
			isa = PBXFrameworksBuildPhase;
			buildActionMask = 2147483647;
			files = (
				3D50A78F178F101300710789 /* UIKit.framework in Frameworks */,
				3D50A791178F101300710789 /* Foundation.framework in Frameworks */,
				3D50A793178F101300710789 /* CoreGraphics.framework in Frameworks */,
			);
			runOnlyForDeploymentPostprocessing = 0;
		};
/* End PBXFrameworksBuildPhase section */

/* Begin PBXGroup section */
		3D50A782178F101300710789 = {
			isa = PBXGroup;
			children = (
				3D50A794178F101300710789 /* KCR Location */,
				3D50A78D178F101300710789 /* Frameworks */,
				3D50A78C178F101300710789 /* Products */,
			);
			sourceTree = "<group>";
		};
		3D50A78C178F101300710789 /* Products */ = {
			isa = PBXGroup;
			children = (
				3D50A78B178F101300710789 /* KCR Location.app */,
			);
			name = Products;
			sourceTree = "<group>";
		};
		3D50A78D178F101300710789 /* Frameworks */ = {
			isa = PBXGroup;
			children = (
				3D50A78E178F101300710789 /* UIKit.framework */,
				3D50A790178F101300710789 /* Foundation.framework */,
				3D50A792178F101300710789 /* CoreGraphics.framework */,
			);
			name = Frameworks;
			sourceTree = "<group>";
		};
		3D50A794178F101300710789 /* KCR Location */ = {
			isa = PBXGroup;
			children = (
				3D50A79D178F101300710789 /* AppDelegate.h */,
				3D50A79E178F101300710789 /* AppDelegate.m */,
				3D50A7A6178F101300710789 /* ViewController.h */,
				3D50A7A7178F101300710789 /* ViewController.m */,
				3D50A7A9178F101300710789 /* ViewController.xib */,
				3D50A795178F101300710789 /* Supporting Files */,
			);
			path = "KCR Location";
			sourceTree = "<group>";
		};
		3D50A795178F101300710789 /* Supporting Files */ = {
			isa = PBXGroup;
			children = (
				3D50A796178F101300710789 /* KCR Location-Info.plist */,
				3D50A797178F101300710789 /* InfoPlist.strings */,
				3D50A79A178F101300710789 /* main.m */,
				3D50A79C178F101300710789 /* KCR Location-Prefix.pch */,
				3D50A7A0178F101300710789 /* Default.png */,
				3D50A7A2178F101300710789 /* Default@2x.png */,
				3D50A7A4178F101300710789 /* Default-568h@2x.png */,
			);
			name = "Supporting Files";
			sourceTree = "<group>";
		};
/* End PBXGroup section */

/* Begin PBXNativeTarget section */
		3D50A78A178F101300710789 /* KCR Location */ = {
			isa = PBXNativeTarget;
			buildConfigurationList = 3D50A7AE178F101300710789 /* Build configuration list for PBXNativeTarget "KCR Location" */;
			buildPhases = (
				3D50A787178F101300710789 /* Sources */,
				3D50A788178F101300710789 /* Frameworks */,
				3D50A789178F101300710789 /* Resources */,
			);
			buildRules = (
			);
			dependencies = (
			);
			name = "KCR Location";
			productName = "KCR Location";
			productReference = 3D50A78B178F101300710789 /* KCR Location.app */;
			productType = "com.apple.product-type.application";
		};
/* End PBXNativeTarget section */

/* Begin PBXProject section */
		3D50A783178F101300710789 /* Project object */ = {
			isa = PBXProject;
			attributes = {
				LastUpgradeCheck = 0460;
				ORGANIZATIONNAME = RayCom;
			};
			buildConfigurationList = 3D50A786178F101300710789 /* Build configuration list for PBXProject "KCR Location" */;
			compatibilityVersion = "Xcode 3.2";
			developmentRegion = English;
			hasScannedForEncodings = 0;
			knownRegions = (
				en,
			);
			mainGroup = 3D50A782178F101300710789;
			productRefGroup = 3D50A78C178F101300710789 /* Products */;
			projectDirPath = "";
			projectRoot = "";
			targets = (
				3D50A78A178F101300710789 /* KCR Location */,
			);
		};
/* End PBXProject section */

/* Begin PBXResourcesBuildPhase section */
		3D50A789178F101300710789 /* Resources */ = {
			isa = PBXResourcesBuildPhase;
			buildActionMask = 2147483647;
			files = (
				3D50A799178F101300710789 /* InfoPlist.strings in Resources */,
				3D50A7A1178F101300710789 /* Default.png in Resources */,
				3D50A7A3178F101300710789 /* Default@2x.png in Resources */,
				3D50A7A5178F101300710789 /* Default-568h@2x.png in Resources */,
				3D50A7AB178F101300710789 /* ViewController.xib in Resources */,
			);
			runOnlyForDeploymentPostprocessing = 0;
		};
/* End PBXResourcesBuildPhase section */

/* Begin PBXSourcesBuildPhase section */
		3D50A787178F101300710789 /* Sources */ = {
			isa = PBXSourcesBuildPhase;
			buildActionMask = 2147483647;
			files = (
				3D50A79B178F101300710789 /* main.m in Sources */,
				3D50A79F178F101300710789 /* AppDelegate.m in Sources */,
				3D50A7A8178F101300710789 /* ViewController.m in Sources */,
			);
			runOnlyForDeploymentPostprocessing = 0;
		};
/* End PBXSourcesBuildPhase section */

/* Begin PBXVariantGroup section */
		3D50A797178F101300710789 /* InfoPlist.strings */ = {
			isa = PBXVariantGroup;
			children = (
				3D50A798178F101300710789 /* en */,
			);
			name = InfoPlist.strings;
			sourceTree = "<group>";
		};
		3D50A7A9178F101300710789 /* ViewController.xib */ = {
			isa = PBXVariantGroup;
			children = (
				3D50A7AA178F101300710789 /* en */,
			);
			name = ViewController.xib;
			sourceTree = "<group>";
		};
/* End PBXVariantGroup section */

/* Begin XCBuildConfiguration section */
		3D50A7AC178F101300710789 /* Debug */ = {
			isa = XCBuildConfiguration;
			buildSettings = {
				ALWAYS_SEARCH_USER_PATHS = NO;
				CLANG_CXX_LANGUAGE_STANDARD = "gnu++0x";
				CLANG_CXX_LIBRARY = "libc++";
				CLANG_WARN_CONSTANT_CONVERSION = YES;
				CLANG_WARN_EMPTY_BODY = YES;
				CLANG_WARN_ENUM_CONVERSION = YES;
				CLANG_WARN_INT_CONVERSION = YES;
				CLANG_WARN__DUPLICATE_METHOD_MATCH = YES;
				"CODE_SIGN_IDENTITY[sdk=iphoneos*]" = "iPhone Developer";
				COPY_PHASE_STRIP = NO;
				GCC_C_LANGUAGE_STANDARD = gnu99;
				GCC_DYNAMIC_NO_PIC = NO;
				GCC_OPTIMIZATION_LEVEL = 0;
				GCC_PREPROCESSOR_DEFINITIONS = (
					"DEBUG=1",
					"$(inherited)",
				);
				GCC_SYMBOLS_PRIVATE_EXTERN = NO;
				GCC_WARN_ABOUT_RETURN_TYPE = YES;
				GCC_WARN_UNINITIALIZED_AUTOS = YES;
				GCC_WARN_UNUSED_VARIABLE = YES;
				IPHONEOS_DEPLOYMENT_TARGET = 6.1;
				ONLY_ACTIVE_ARCH = YES;
				SDKROOT = iphoneos;
			};
			name = Debug;
		};
		3D50A7AD178F101300710789 /* Release */ = {
			isa = XCBuildConfiguration;
			buildSettings = {
				ALWAYS_SEARCH_USER_PATHS = NO;
				CLANG_CXX_LANGUAGE_STANDARD = "gnu++0x";
				CLANG_CXX_LIBRARY = "libc++";
				CLANG_WARN_CONSTANT_CONVERSION = YES;
				CLANG_WARN_EMPTY_BODY = YES;
				CLANG_WARN_ENUM_CONVERSION = YES;
				CLANG_WARN_INT_CONVERSION = YES;
				CLANG_WARN__DUPLICATE_METHOD_MATCH = YES;
				"CODE_SIGN_IDENTITY[sdk=iphoneos*]" = "iPhone Developer";
				COPY_PHASE_STRIP = YES;
				GCC_C_LANGUAGE_STANDARD = gnu99;
				GCC_WARN_ABOUT_RETURN_TYPE = YES;
				GCC_WARN_UNINITIALIZED_AUTOS = YES;
				GCC_WARN_UNUSED_VARIABLE = YES;
				IPHONEOS_DEPLOYMENT_TARGET = 6.1;
				OTHER_CFLAGS = "-DNS_BLOCK_ASSERTIONS=1";
				SDKROOT = iphoneos;
				VALIDATE_PRODUCT = YES;
			};
			name = Release;
		};
		3D50A7AF178F101300710789 /* Debug */ = {
			isa = XCBuildConfiguration;
			buildSettings = {
				GCC_PRECOMPILE_PREFIX_HEADER = YES;
				GCC_PREFIX_HEADER = "KCR Location/KCR Location-Prefix.pch";
				INFOPLIST_FILE = "KCR Location/KCR Location-Info.plist";
				PRODUCT_NAME = "$(TARGET_NAME)";
				WRAPPER_EXTENSION = app;
			};
			name = Debug;
		};
		3D50A7B0178F101300710789 /* Release */ = {
			isa = XCBuildConfiguration;
			buildSettings = {
				GCC_PRECOMPILE_PREFIX_HEADER = YES;
				GCC_PREFIX_HEADER = "KCR Location/KCR Location-Prefix.pch";
				INFOPLIST_FILE = "KCR Location/KCR Location-Info.plist";
				PRODUCT_NAME = "$(TARGET_NAME)";
				WRAPPER_EXTENSION = app;
			};
			name = Release;
		};
/* End XCBuildConfiguration section */

/* Begin XCConfigurationList section */
		3D50A786178F101300710789 /* Build configuration list for PBXProject "KCR Location" */ = {
			isa = XCConfigurationList;
			buildConfigurations = (
				3D50A7AC178F101300710789 /* Debug */,
				3D50A7AD178F101300710789 /* Release */,
			);
			defaultConfigurationIsVisible = 0;
			defaultConfigurationName = Release;
		};
		3D50A7AE178F101300710789 /* Build configuration list for PBXNativeTarget "KCR Location" */ = {
			isa = XCConfigurationList;
			buildConfigurations = (
				3D50A7AF178F101300710789 /* Debug */,
				3D50A7B0178F101300710789 /* Release */,
			);
			defaultConfigurationIsVisible = 0;
		};
/* End XCConfigurationList section */
	};
	rootObject = 3D50A783178F101300710789 /* Project object */;
}
